
Microsoft Visual Studio Solution File, Format Version 12.00
# Visual Studio 15
VisualStudioVersion = 15.0.28307.1321
MinimumVisualStudioVersion = 10.0.40219.1
Project("{FAE04EC0-301F-11D3-BF4B-00C04F79EFBC}") = "SwitchResolutionTest", "SwitchResolutionTest\SwitchResolutionTest.csproj", "{7C3D7E8D-64C1-412E-8FC6-67DF4490390C}"
EndProject
Project("{FAE04EC0-301F-11D3-BF4B-00C04F79EFBC}") = "HIDInterface", "HIDInterface\HIDInterface.csproj", "{1C1683F3-72E3-4FA3-BA2C-FC9A75307FC2}"
EndProject
Project("{FAE04EC0-301F-11D3-BF4B-00C04F79EFBC}") = "VideoCapture", "VideoCapture\VideoCapture.csproj", "{A80DE893-1110-4CBF-B5C4-07890B11CCD1}"
EndProject
Project("{FAE04EC0-301F-11D3-BF4B-00C04F79EFBC}") = "DirectShow", "DirectShow\DirectShow.csproj", "{0A6D67E0-04F2-4407-86EF-1509C9DDE776}"
EndProject
Global
	GlobalSection(SolutionConfigurationPlatforms) = preSolution
		Debug|Any CPU = Debug|Any CPU
		Release|Any CPU = Release|Any CPU
	EndGlobalSection
	GlobalSection(ProjectConfigurationPlatforms) = postSolution
		{7C3D7E8D-64C1-412E-8FC6-67DF4490390C}.Debug|Any CPU.ActiveCfg = Debug|Any CPU
		{7C3D7E8D-64C1-412E-8FC6-67DF4490390C}.Debug|Any CPU.Build.0 = Debug|Any CPU
		{7C3D7E8D-64C1-412E-8FC6-67DF4490390C}.Release|Any CPU.ActiveCfg = Release|Any CPU
		{7C3D7E8D-64C1-412E-8FC6-67DF4490390C}.Release|Any CPU.Build.0 = Release|Any CPU
		{1C1683F3-72E3-4FA3-BA2C-FC9A75307FC2}.Debug|Any CPU.ActiveCfg = Debug|Any CPU
		{1C1683F3-72E3-4FA3-BA2C-FC9A75307FC2}.Debug|Any CPU.Build.0 = Debug|Any CPU
		{1C1683F3-72E3-4FA3-BA2C-FC9A75307FC2}.Release|Any CPU.ActiveCfg = Release|Any CPU
		{1C1683F3-72E3-4FA3-BA2C-FC9A75307FC2}.Release|Any CPU.Build.0 = Release|Any CPU
		{A80DE893-1110-4CBF-B5C4-07890B11CCD1}.Debug|Any CPU.ActiveCfg = Debug|Any CPU
		{A80DE893-1110-4CBF-B5C4-07890B11CCD1}.Debug|Any CPU.Build.0 = Debug|Any CPU
		{A80DE893-1110-4CBF-B5C4-07890B11CCD1}.Release|Any CPU.ActiveCfg = Release|Any CPU
		{A80DE893-1110-4CBF-B5C4-07890B11CCD1}.Release|Any CPU.Build.0 = Release|Any CPU
		{0A6D67E0-04F2-4407-86EF-1509C9DDE776}.Debug|Any CPU.ActiveCfg = Debug|Any CPU
		{0A6D67E0-04F2-4407-86EF-1509C9DDE776}.Debug|Any CPU.Build.0 = Debug|Any CPU
		{0A6D67E0-04F2-4407-86EF-1509C9DDE776}.Release|Any CPU.ActiveCfg = Release|Any CPU
		{0A6D67E0-04F2-4407-86EF-1509C9DDE776}.Release|Any CPU.Build.0 = Release|Any CPU
	EndGlobalSection
	GlobalSection(SolutionProperties) = preSolution
		HideSolutionNode = FALSE
	EndGlobalSection
	GlobalSection(ExtensibilityGlobals) = postSolution
		SolutionGuid = {DF126032-8971-4BB9-9F76-4C7701B77227}
	EndGlobalSection
EndGlobal
